{
  "pins" : [
    {
      "identity" : "openmagicai",
      "kind" : "remoteSourceControl",
      "location" : "https://github.com/asyncios/OpenMagicAI",
      "state" : {
        "branch" : "master",
        "revision" : "d3736c1c5848e47bc86db7146425293f396f23b7"
      }
    }
  ],
  "version" : 2
}
