{
  "pins" : [
    {
      "identity" : "openmagicai",
      "kind" : "remoteSourceControl",
      "location" : "https://github.com/asyncios/OpenMagicAI",
      "state" : {
        "branch" : "master",
        "revision" : "a6891e722dbd0938f1e78f5f784992ba60cadea2"
      }
    }
  ],
  "version" : 2
}
