{
  "pins" : [
    {
      "identity" : "openmagicai",
      "kind" : "remoteSourceControl",
      "location" : "https://github.com/asyncios/OpenMagicAI",
      "state" : {
        "branch" : "master",
        "revision" : "71280dedbe6af5fee36f3846090695828a94c050"
      }
    }
  ],
  "version" : 2
}
