// !$*UTF8*$!
{
	archiveVersion = 1;
	classes = {
	};
	objectVersion = 56;
	objects = {

/* Begin PBXBuildFile section */
		8407B39329BA30DB004C4694 /* RootTabBarViewController.swift in Sources */ = {isa = PBXBuildFile; fileRef = 8407B39229BA30DB004C4694 /* RootTabBarViewController.swift */; };
		8407B39A29BA34B6004C4694 /* ItemViewController.swift in Sources */ = {isa = PBXBuildFile; fileRef = 8407B39829BA34B6004C4694 /* ItemViewController.swift */; };
		8407B39B29BA34B6004C4694 /* ItemViewController.xib in Resources */ = {isa = PBXBuildFile; fileRef = 8407B39929BA34B6004C4694 /* ItemViewController.xib */; };
		8407B39E29BA3670004C4694 /* CompletionsViewController.swift in Sources */ = {isa = PBXBuildFile; fileRef = 8407B39D29BA3670004C4694 /* CompletionsViewController.swift */; };
		8407B3A029BA3905004C4694 /* ImagesViewController.swift in Sources */ = {isa = PBXBuildFile; fileRef = 8407B39F29BA3905004C4694 /* ImagesViewController.swift */; };
		8407B3A229BA398F004C4694 /* ModelsViewController.swift in Sources */ = {isa = PBXBuildFile; fileRef = 8407B3A129BA398F004C4694 /* ModelsViewController.swift */; };
		8407B3A529BA5DEB004C4694 /* Loadable.swift in Sources */ = {isa = PBXBuildFile; fileRef = 8407B3A429BA5DEB004C4694 /* Loadable.swift */; };
		8407B3A729BA5E08004C4694 /* LoadingView.swift in Sources */ = {isa = PBXBuildFile; fileRef = 8407B3A629BA5E08004C4694 /* LoadingView.swift */; };
		8407B3A929BA6D5F004C4694 /* EditsViewController.swift in Sources */ = {isa = PBXBuildFile; fileRef = 8407B3A829BA6D5F004C4694 /* EditsViewController.swift */; };
		8407B3AC29BA71B6004C4694 /* ImageItemViewController.swift in Sources */ = {isa = PBXBuildFile; fileRef = 8407B3AA29BA71B6004C4694 /* ImageItemViewController.swift */; };
		8407B3AD29BA71B6004C4694 /* ImageItemViewController.xib in Resources */ = {isa = PBXBuildFile; fileRef = 8407B3AB29BA71B6004C4694 /* ImageItemViewController.xib */; };
		84A19C6929BAC3D400FF6D79 /* ChatViewController.swift in Sources */ = {isa = PBXBuildFile; fileRef = 84A19C6729BAC3D400FF6D79 /* ChatViewController.swift */; };
		84A19C6A29BAC3D400FF6D79 /* ChatViewController.xib in Resources */ = {isa = PBXBuildFile; fileRef = 84A19C6829BAC3D400FF6D79 /* ChatViewController.xib */; };
		84A19C6C29BAE44600FF6D79 /* UIViewController.swift in Sources */ = {isa = PBXBuildFile; fileRef = 84A19C6B29BAE44600FF6D79 /* UIViewController.swift */; };
		84A19C6F29BAE6A400FF6D79 /* ChatMessage.swift in Sources */ = {isa = PBXBuildFile; fileRef = 84A19C6E29BAE6A400FF6D79 /* ChatMessage.swift */; };
		84A19C7329BAE9D700FF6D79 /* UserChatTableViewCell.swift in Sources */ = {isa = PBXBuildFile; fileRef = 84A19C7129BAE9D700FF6D79 /* UserChatTableViewCell.swift */; };
		84A19C7429BAE9D700FF6D79 /* UserChatTableViewCell.xib in Resources */ = {isa = PBXBuildFile; fileRef = 84A19C7229BAE9D700FF6D79 /* UserChatTableViewCell.xib */; };
		84A19C7729BAECC400FF6D79 /* AIChatTableViewCell.swift in Sources */ = {isa = PBXBuildFile; fileRef = 84A19C7529BAECC400FF6D79 /* AIChatTableViewCell.swift */; };
		84A19C7829BAECC400FF6D79 /* AIChatTableViewCell.xib in Resources */ = {isa = PBXBuildFile; fileRef = 84A19C7629BAECC400FF6D79 /* AIChatTableViewCell.xib */; };
		84A19C7A29BB82F400FF6D79 /* BaseChatTableViewCell.swift in Sources */ = {isa = PBXBuildFile; fileRef = 84A19C7929BB82F400FF6D79 /* BaseChatTableViewCell.swift */; };
		84AFBAEA29BA805E00B1B795 /* UIImageView.swift in Sources */ = {isa = PBXBuildFile; fileRef = 84AFBAE929BA805E00B1B795 /* UIImageView.swift */; };
		84E6765929BA227B0060FC15 /* AppDelegate.swift in Sources */ = {isa = PBXBuildFile; fileRef = 84E6765829BA227B0060FC15 /* AppDelegate.swift */; };
		84E6765B29BA227B0060FC15 /* SceneDelegate.swift in Sources */ = {isa = PBXBuildFile; fileRef = 84E6765A29BA227B0060FC15 /* SceneDelegate.swift */; };
		84E6766029BA227B0060FC15 /* Main.storyboard in Resources */ = {isa = PBXBuildFile; fileRef = 84E6765E29BA227B0060FC15 /* Main.storyboard */; };
		84E6766229BA227C0060FC15 /* Assets.xcassets in Resources */ = {isa = PBXBuildFile; fileRef = 84E6766129BA227C0060FC15 /* Assets.xcassets */; };
		84E6766529BA227C0060FC15 /* LaunchScreen.storyboard in Resources */ = {isa = PBXBuildFile; fileRef = 84E6766329BA227C0060FC15 /* LaunchScreen.storyboard */; };
		84E6767029BA227C0060FC15 /* iOSExampleTests.swift in Sources */ = {isa = PBXBuildFile; fileRef = 84E6766F29BA227C0060FC15 /* iOSExampleTests.swift */; };
		84E6767A29BA227C0060FC15 /* iOSExampleUITests.swift in Sources */ = {isa = PBXBuildFile; fileRef = 84E6767929BA227C0060FC15 /* iOSExampleUITests.swift */; };
		84E6767C29BA227C0060FC15 /* iOSExampleUITestsLaunchTests.swift in Sources */ = {isa = PBXBuildFile; fileRef = 84E6767B29BA227C0060FC15 /* iOSExampleUITestsLaunchTests.swift */; };
		84E6768A29BA22DA0060FC15 /* OpenMagicAI in Frameworks */ = {isa = PBXBuildFile; productRef = 84E6768929BA22DA0060FC15 /* OpenMagicAI */; };
/* End PBXBuildFile section */

/* Begin PBXContainerItemProxy section */
		84E6766C29BA227C0060FC15 /* PBXContainerItemProxy */ = {
			isa = PBXContainerItemProxy;
			containerPortal = 84E6764D29BA227B0060FC15 /* Project object */;
			proxyType = 1;
			remoteGlobalIDString = 84E6765429BA227B0060FC15;
			remoteInfo = iOSExample;
		};
		84E6767629BA227C0060FC15 /* PBXContainerItemProxy */ = {
			isa = PBXContainerItemProxy;
			containerPortal = 84E6764D29BA227B0060FC15 /* Project object */;
			proxyType = 1;
			remoteGlobalIDString = 84E6765429BA227B0060FC15;
			remoteInfo = iOSExample;
		};
/* End PBXContainerItemProxy section */

/* Begin PBXFileReference section */
		8407B39229BA30DB004C4694 /* RootTabBarViewController.swift */ = {isa = PBXFileReference; lastKnownFileType = sourcecode.swift; path = RootTabBarViewController.swift; sourceTree = "<group>"; };
		8407B39829BA34B6004C4694 /* ItemViewController.swift */ = {isa = PBXFileReference; lastKnownFileType = sourcecode.swift; path = ItemViewController.swift; sourceTree = "<group>"; };
		8407B39929BA34B6004C4694 /* ItemViewController.xib */ = {isa = PBXFileReference; lastKnownFileType = file.xib; path = ItemViewController.xib; sourceTree = "<group>"; };
		8407B39D29BA3670004C4694 /* CompletionsViewController.swift */ = {isa = PBXFileReference; lastKnownFileType = sourcecode.swift; path = CompletionsViewController.swift; sourceTree = "<group>"; };
		8407B39F29BA3905004C4694 /* ImagesViewController.swift */ = {isa = PBXFileReference; lastKnownFileType = sourcecode.swift; path = ImagesViewController.swift; sourceTree = "<group>"; };
		8407B3A129BA398F004C4694 /* ModelsViewController.swift */ = {isa = PBXFileReference; lastKnownFileType = sourcecode.swift; path = ModelsViewController.swift; sourceTree = "<group>"; };
		8407B3A429BA5DEB004C4694 /* Loadable.swift */ = {isa = PBXFileReference; lastKnownFileType = sourcecode.swift; path = Loadable.swift; sourceTree = "<group>"; };
		8407B3A629BA5E08004C4694 /* LoadingView.swift */ = {isa = PBXFileReference; lastKnownFileType = sourcecode.swift; path = LoadingView.swift; sourceTree = "<group>"; };
		8407B3A829BA6D5F004C4694 /* EditsViewController.swift */ = {isa = PBXFileReference; lastKnownFileType = sourcecode.swift; path = EditsViewController.swift; sourceTree = "<group>"; };
		8407B3AA29BA71B6004C4694 /* ImageItemViewController.swift */ = {isa = PBXFileReference; lastKnownFileType = sourcecode.swift; path = ImageItemViewController.swift; sourceTree = "<group>"; };
		8407B3AB29BA71B6004C4694 /* ImageItemViewController.xib */ = {isa = PBXFileReference; lastKnownFileType = file.xib; path = ImageItemViewController.xib; sourceTree = "<group>"; };
		84A19C6729BAC3D400FF6D79 /* ChatViewController.swift */ = {isa = PBXFileReference; lastKnownFileType = sourcecode.swift; path = ChatViewController.swift; sourceTree = "<group>"; };
		84A19C6829BAC3D400FF6D79 /* ChatViewController.xib */ = {isa = PBXFileReference; lastKnownFileType = file.xib; path = ChatViewController.xib; sourceTree = "<group>"; };
		84A19C6B29BAE44600FF6D79 /* UIViewController.swift */ = {isa = PBXFileReference; lastKnownFileType = sourcecode.swift; path = UIViewController.swift; sourceTree = "<group>"; };
		84A19C6E29BAE6A400FF6D79 /* ChatMessage.swift */ = {isa = PBXFileReference; lastKnownFileType = sourcecode.swift; path = ChatMessage.swift; sourceTree = "<group>"; };
		84A19C7129BAE9D700FF6D79 /* UserChatTableViewCell.swift */ = {isa = PBXFileReference; lastKnownFileType = sourcecode.swift; path = UserChatTableViewCell.swift; sourceTree = "<group>"; };
		84A19C7229BAE9D700FF6D79 /* UserChatTableViewCell.xib */ = {isa = PBXFileReference; lastKnownFileType = file.xib; path = UserChatTableViewCell.xib; sourceTree = "<group>"; };
		84A19C7529BAECC400FF6D79 /* AIChatTableViewCell.swift */ = {isa = PBXFileReference; lastKnownFileType = sourcecode.swift; path = AIChatTableViewCell.swift; sourceTree = "<group>"; };
		84A19C7629BAECC400FF6D79 /* AIChatTableViewCell.xib */ = {isa = PBXFileReference; lastKnownFileType = file.xib; path = AIChatTableViewCell.xib; sourceTree = "<group>"; };
		84A19C7929BB82F400FF6D79 /* BaseChatTableViewCell.swift */ = {isa = PBXFileReference; lastKnownFileType = sourcecode.swift; path = BaseChatTableViewCell.swift; sourceTree = "<group>"; };
		84AFBAE929BA805E00B1B795 /* UIImageView.swift */ = {isa = PBXFileReference; lastKnownFileType = sourcecode.swift; path = UIImageView.swift; sourceTree = "<group>"; };
		84E6765529BA227B0060FC15 /* iOSExample.app */ = {isa = PBXFileReference; explicitFileType = wrapper.application; includeInIndex = 0; path = iOSExample.app; sourceTree = BUILT_PRODUCTS_DIR; };
		84E6765829BA227B0060FC15 /* AppDelegate.swift */ = {isa = PBXFileReference; lastKnownFileType = sourcecode.swift; path = AppDelegate.swift; sourceTree = "<group>"; };
		84E6765A29BA227B0060FC15 /* SceneDelegate.swift */ = {isa = PBXFileReference; lastKnownFileType = sourcecode.swift; path = SceneDelegate.swift; sourceTree = "<group>"; };
		84E6765F29BA227B0060FC15 /* Base */ = {isa = PBXFileReference; lastKnownFileType = file.storyboard; name = Base; path = Base.lproj/Main.storyboard; sourceTree = "<group>"; };
		84E6766129BA227C0060FC15 /* Assets.xcassets */ = {isa = PBXFileReference; lastKnownFileType = folder.assetcatalog; path = Assets.xcassets; sourceTree = "<group>"; };
		84E6766429BA227C0060FC15 /* Base */ = {isa = PBXFileReference; lastKnownFileType = file.storyboard; name = Base; path = Base.lproj/LaunchScreen.storyboard; sourceTree = "<group>"; };
		84E6766629BA227C0060FC15 /* Info.plist */ = {isa = PBXFileReference; lastKnownFileType = text.plist.xml; path = Info.plist; sourceTree = "<group>"; };
		84E6766B29BA227C0060FC15 /* iOSExampleTests.xctest */ = {isa = PBXFileReference; explicitFileType = wrapper.cfbundle; includeInIndex = 0; path = iOSExampleTests.xctest; sourceTree = BUILT_PRODUCTS_DIR; };
		84E6766F29BA227C0060FC15 /* iOSExampleTests.swift */ = {isa = PBXFileReference; lastKnownFileType = sourcecode.swift; path = iOSExampleTests.swift; sourceTree = "<group>"; };
		84E6767529BA227C0060FC15 /* iOSExampleUITests.xctest */ = {isa = PBXFileReference; explicitFileType = wrapper.cfbundle; includeInIndex = 0; path = iOSExampleUITests.xctest; sourceTree = BUILT_PRODUCTS_DIR; };
		84E6767929BA227C0060FC15 /* iOSExampleUITests.swift */ = {isa = PBXFileReference; lastKnownFileType = sourcecode.swift; path = iOSExampleUITests.swift; sourceTree = "<group>"; };
		84E6767B29BA227C0060FC15 /* iOSExampleUITestsLaunchTests.swift */ = {isa = PBXFileReference; lastKnownFileType = sourcecode.swift; path = iOSExampleUITestsLaunchTests.swift; sourceTree = "<group>"; };
/* End PBXFileReference section */

/* Begin PBXFrameworksBuildPhase section */
		84E6765229BA227B0060FC15 /* Frameworks */ = {
			isa = PBXFrameworksBuildPhase;
			buildActionMask = 2147483647;
			files = (
				84E6768A29BA22DA0060FC15 /* OpenMagicAI in Frameworks */,
			);
			runOnlyForDeploymentPostprocessing = 0;
		};
		84E6766829BA227C0060FC15 /* Frameworks */ = {
			isa = PBXFrameworksBuildPhase;
			buildActionMask = 2147483647;
			files = (
			);
			runOnlyForDeploymentPostprocessing = 0;
		};
		84E6767229BA227C0060FC15 /* Frameworks */ = {
			isa = PBXFrameworksBuildPhase;
			buildActionMask = 2147483647;
			files = (
			);
			runOnlyForDeploymentPostprocessing = 0;
		};
/* End PBXFrameworksBuildPhase section */

/* Begin PBXGroup section */
		8407B39C29BA3653004C4694 /* ViewController */ = {
			isa = PBXGroup;
			children = (
				84A19C6D29BAE68200FF6D79 /* Cell */,
				8407B39829BA34B6004C4694 /* ItemViewController.swift */,
				8407B39929BA34B6004C4694 /* ItemViewController.xib */,
				8407B39D29BA3670004C4694 /* CompletionsViewController.swift */,
				8407B39F29BA3905004C4694 /* ImagesViewController.swift */,
				8407B3A129BA398F004C4694 /* ModelsViewController.swift */,
				8407B3A829BA6D5F004C4694 /* EditsViewController.swift */,
				8407B3AA29BA71B6004C4694 /* ImageItemViewController.swift */,
				8407B3AB29BA71B6004C4694 /* ImageItemViewController.xib */,
				84A19C6729BAC3D400FF6D79 /* ChatViewController.swift */,
				84A19C6829BAC3D400FF6D79 /* ChatViewController.xib */,
			);
			path = ViewController;
			sourceTree = "<group>";
		};
		8407B3A329BA5DD1004C4694 /* Load */ = {
			isa = PBXGroup;
			children = (
				8407B3A429BA5DEB004C4694 /* Loadable.swift */,
				8407B3A629BA5E08004C4694 /* LoadingView.swift */,
			);
			path = Load;
			sourceTree = "<group>";
		};
		84A19C6D29BAE68200FF6D79 /* Cell */ = {
			isa = PBXGroup;
			children = (
				84A19C7129BAE9D700FF6D79 /* UserChatTableViewCell.swift */,
				84A19C7229BAE9D700FF6D79 /* UserChatTableViewCell.xib */,
				84A19C7529BAECC400FF6D79 /* AIChatTableViewCell.swift */,
				84A19C7629BAECC400FF6D79 /* AIChatTableViewCell.xib */,
				84A19C7929BB82F400FF6D79 /* BaseChatTableViewCell.swift */,
			);
			path = Cell;
			sourceTree = "<group>";
		};
		84A19C7029BAE6AB00FF6D79 /* Model */ = {
			isa = PBXGroup;
			children = (
				84A19C6E29BAE6A400FF6D79 /* ChatMessage.swift */,
			);
			path = Model;
			sourceTree = "<group>";
		};
		84AFBAE829BA804A00B1B795 /* Extension */ = {
			isa = PBXGroup;
			children = (
				84AFBAE929BA805E00B1B795 /* UIImageView.swift */,
				84A19C6B29BAE44600FF6D79 /* UIViewController.swift */,
			);
			path = Extension;
			sourceTree = "<group>";
		};
		84E6764C29BA227B0060FC15 = {
			isa = PBXGroup;
			children = (
				84E6765729BA227B0060FC15 /* iOSExample */,
				84E6766E29BA227C0060FC15 /* iOSExampleTests */,
				84E6767829BA227C0060FC15 /* iOSExampleUITests */,
				84E6765629BA227B0060FC15 /* Products */,
			);
			sourceTree = "<group>";
		};
		84E6765629BA227B0060FC15 /* Products */ = {
			isa = PBXGroup;
			children = (
				84E6765529BA227B0060FC15 /* iOSExample.app */,
				84E6766B29BA227C0060FC15 /* iOSExampleTests.xctest */,
				84E6767529BA227C0060FC15 /* iOSExampleUITests.xctest */,
			);
			name = Products;
			sourceTree = "<group>";
		};
		84E6765729BA227B0060FC15 /* iOSExample */ = {
			isa = PBXGroup;
			children = (
				84A19C7029BAE6AB00FF6D79 /* Model */,
				84AFBAE829BA804A00B1B795 /* Extension */,
				8407B3A329BA5DD1004C4694 /* Load */,
				8407B39C29BA3653004C4694 /* ViewController */,
				84E6765829BA227B0060FC15 /* AppDelegate.swift */,
				84E6766129BA227C0060FC15 /* Assets.xcassets */,
				84E6766629BA227C0060FC15 /* Info.plist */,
				84E6766329BA227C0060FC15 /* LaunchScreen.storyboard */,
				84E6765E29BA227B0060FC15 /* Main.storyboard */,
				8407B39229BA30DB004C4694 /* RootTabBarViewController.swift */,
				84E6765A29BA227B0060FC15 /* SceneDelegate.swift */,
			);
			path = iOSExample;
			sourceTree = "<group>";
		};
		84E6766E29BA227C0060FC15 /* iOSExampleTests */ = {
			isa = PBXGroup;
			children = (
				84E6766F29BA227C0060FC15 /* iOSExampleTests.swift */,
			);
			path = iOSExampleTests;
			sourceTree = "<group>";
		};
		84E6767829BA227C0060FC15 /* iOSExampleUITests */ = {
			isa = PBXGroup;
			children = (
				84E6767929BA227C0060FC15 /* iOSExampleUITests.swift */,
				84E6767B29BA227C0060FC15 /* iOSExampleUITestsLaunchTests.swift */,
			);
			path = iOSExampleUITests;
			sourceTree = "<group>";
		};
/* End PBXGroup section */

/* Begin PBXNativeTarget section */
		84E6765429BA227B0060FC15 /* iOSExample */ = {
			isa = PBXNativeTarget;
			buildConfigurationList = 84E6767F29BA227C0060FC15 /* Build configuration list for PBXNativeTarget "iOSExample" */;
			buildPhases = (
				84E6765129BA227B0060FC15 /* Sources */,
				84E6765229BA227B0060FC15 /* Frameworks */,
				84E6765329BA227B0060FC15 /* Resources */,
			);
			buildRules = (
			);
			dependencies = (
			);
			name = iOSExample;
			packageProductDependencies = (
				84E6768929BA22DA0060FC15 /* OpenMagicAI */,
			);
			productName = iOSExample;
			productReference = 84E6765529BA227B0060FC15 /* iOSExample.app */;
			productType = "com.apple.product-type.application";
		};
		84E6766A29BA227C0060FC15 /* iOSExampleTests */ = {
			isa = PBXNativeTarget;
			buildConfigurationList = 84E6768229BA227C0060FC15 /* Build configuration list for PBXNativeTarget "iOSExampleTests" */;
			buildPhases = (
				84E6766729BA227C0060FC15 /* Sources */,
				84E6766829BA227C0060FC15 /* Frameworks */,
				84E6766929BA227C0060FC15 /* Resources */,
			);
			buildRules = (
			);
			dependencies = (
				84E6766D29BA227C0060FC15 /* PBXTargetDependency */,
			);
			name = iOSExampleTests;
			productName = iOSExampleTests;
			productReference = 84E6766B29BA227C0060FC15 /* iOSExampleTests.xctest */;
			productType = "com.apple.product-type.bundle.unit-test";
		};
		84E6767429BA227C0060FC15 /* iOSExampleUITests */ = {
			isa = PBXNativeTarget;
			buildConfigurationList = 84E6768529BA227C0060FC15 /* Build configuration list for PBXNativeTarget "iOSExampleUITests" */;
			buildPhases = (
				84E6767129BA227C0060FC15 /* Sources */,
				84E6767229BA227C0060FC15 /* Frameworks */,
				84E6767329BA227C0060FC15 /* Resources */,
			);
			buildRules = (
			);
			dependencies = (
				84E6767729BA227C0060FC15 /* PBXTargetDependency */,
			);
			name = iOSExampleUITests;
			productName = iOSExampleUITests;
			productReference = 84E6767529BA227C0060FC15 /* iOSExampleUITests.xctest */;
			productType = "com.apple.product-type.bundle.ui-testing";
		};
/* End PBXNativeTarget section */

/* Begin PBXProject section */
		84E6764D29BA227B0060FC15 /* Project object */ = {
			isa = PBXProject;
			attributes = {
				BuildIndependentTargetsInParallel = 1;
				LastSwiftUpdateCheck = 1400;
				LastUpgradeCheck = 1400;
				TargetAttributes = {
					84E6765429BA227B0060FC15 = {
						CreatedOnToolsVersion = 14.0;
					};
					84E6766A29BA227C0060FC15 = {
						CreatedOnToolsVersion = 14.0;
						TestTargetID = 84E6765429BA227B0060FC15;
					};
					84E6767429BA227C0060FC15 = {
						CreatedOnToolsVersion = 14.0;
						TestTargetID = 84E6765429BA227B0060FC15;
					};
				};
			};
			buildConfigurationList = 84E6765029BA227B0060FC15 /* Build configuration list for PBXProject "iOSExample" */;
			compatibilityVersion = "Xcode 14.0";
			developmentRegion = en;
			hasScannedForEncodings = 0;
			knownRegions = (
				en,
				Base,
			);
			mainGroup = 84E6764C29BA227B0060FC15;
			packageReferences = (
				84E6768829BA22DA0060FC15 /* XCRemoteSwiftPackageReference "OpenMagicAI" */,
			);
			productRefGroup = 84E6765629BA227B0060FC15 /* Products */;
			projectDirPath = "";
			projectRoot = "";
			targets = (
				84E6765429BA227B0060FC15 /* iOSExample */,
				84E6766A29BA227C0060FC15 /* iOSExampleTests */,
				84E6767429BA227C0060FC15 /* iOSExampleUITests */,
			);
		};
/* End PBXProject section */

/* Begin PBXResourcesBuildPhase section */
		84E6765329BA227B0060FC15 /* Resources */ = {
			isa = PBXResourcesBuildPhase;
			buildActionMask = 2147483647;
			files = (
				84E6766529BA227C0060FC15 /* LaunchScreen.storyboard in Resources */,
				8407B39B29BA34B6004C4694 /* ItemViewController.xib in Resources */,
				84A19C6A29BAC3D400FF6D79 /* ChatViewController.xib in Resources */,
				8407B3AD29BA71B6004C4694 /* ImageItemViewController.xib in Resources */,
				84E6766229BA227C0060FC15 /* Assets.xcassets in Resources */,
				84A19C7829BAECC400FF6D79 /* AIChatTableViewCell.xib in Resources */,
				84A19C7429BAE9D700FF6D79 /* UserChatTableViewCell.xib in Resources */,
				84E6766029BA227B0060FC15 /* Main.storyboard in Resources */,
			);
			runOnlyForDeploymentPostprocessing = 0;
		};
		84E6766929BA227C0060FC15 /* Resources */ = {
			isa = PBXResourcesBuildPhase;
			buildActionMask = 2147483647;
			files = (
			);
			runOnlyForDeploymentPostprocessing = 0;
		};
		84E6767329BA227C0060FC15 /* Resources */ = {
			isa = PBXResourcesBuildPhase;
			buildActionMask = 2147483647;
			files = (
			);
			runOnlyForDeploymentPostprocessing = 0;
		};
/* End PBXResourcesBuildPhase section */

/* Begin PBXSourcesBuildPhase section */
		84E6765129BA227B0060FC15 /* Sources */ = {
			isa = PBXSourcesBuildPhase;
			buildActionMask = 2147483647;
			files = (
				84A19C6C29BAE44600FF6D79 /* UIViewController.swift in Sources */,
				8407B3A229BA398F004C4694 /* ModelsViewController.swift in Sources */,
				84A19C7729BAECC400FF6D79 /* AIChatTableViewCell.swift in Sources */,
				8407B3AC29BA71B6004C4694 /* ImageItemViewController.swift in Sources */,
				8407B39E29BA3670004C4694 /* CompletionsViewController.swift in Sources */,
				84AFBAEA29BA805E00B1B795 /* UIImageView.swift in Sources */,
				84A19C7A29BB82F400FF6D79 /* BaseChatTableViewCell.swift in Sources */,
				84A19C7329BAE9D700FF6D79 /* UserChatTableViewCell.swift in Sources */,
				84A19C6F29BAE6A400FF6D79 /* ChatMessage.swift in Sources */,
				8407B3A529BA5DEB004C4694 /* Loadable.swift in Sources */,
				8407B3A929BA6D5F004C4694 /* EditsViewController.swift in Sources */,
				8407B3A729BA5E08004C4694 /* LoadingView.swift in Sources */,
				8407B3A029BA3905004C4694 /* ImagesViewController.swift in Sources */,
				8407B39329BA30DB004C4694 /* RootTabBarViewController.swift in Sources */,
				84A19C6929BAC3D400FF6D79 /* ChatViewController.swift in Sources */,
				84E6765929BA227B0060FC15 /* AppDelegate.swift in Sources */,
				84E6765B29BA227B0060FC15 /* SceneDelegate.swift in Sources */,
				8407B39A29BA34B6004C4694 /* ItemViewController.swift in Sources */,
			);
			runOnlyForDeploymentPostprocessing = 0;
		};
		84E6766729BA227C0060FC15 /* Sources */ = {
			isa = PBXSourcesBuildPhase;
			buildActionMask = 2147483647;
			files = (
				84E6767029BA227C0060FC15 /* iOSExampleTests.swift in Sources */,
			);
			runOnlyForDeploymentPostprocessing = 0;
		};
		84E6767129BA227C0060FC15 /* Sources */ = {
			isa = PBXSourcesBuildPhase;
			buildActionMask = 2147483647;
			files = (
				84E6767A29BA227C0060FC15 /* iOSExampleUITests.swift in Sources */,
				84E6767C29BA227C0060FC15 /* iOSExampleUITestsLaunchTests.swift in Sources */,
			);
			runOnlyForDeploymentPostprocessing = 0;
		};
/* End PBXSourcesBuildPhase section */

/* Begin PBXTargetDependency section */
		84E6766D29BA227C0060FC15 /* PBXTargetDependency */ = {
			isa = PBXTargetDependency;
			target = 84E6765429BA227B0060FC15 /* iOSExample */;
			targetProxy = 84E6766C29BA227C0060FC15 /* PBXContainerItemProxy */;
		};
		84E6767729BA227C0060FC15 /* PBXTargetDependency */ = {
			isa = PBXTargetDependency;
			target = 84E6765429BA227B0060FC15 /* iOSExample */;
			targetProxy = 84E6767629BA227C0060FC15 /* PBXContainerItemProxy */;
		};
/* End PBXTargetDependency section */

/* Begin PBXVariantGroup section */
		84E6765E29BA227B0060FC15 /* Main.storyboard */ = {
			isa = PBXVariantGroup;
			children = (
				84E6765F29BA227B0060FC15 /* Base */,
			);
			name = Main.storyboard;
			sourceTree = "<group>";
		};
		84E6766329BA227C0060FC15 /* LaunchScreen.storyboard */ = {
			isa = PBXVariantGroup;
			children = (
				84E6766429BA227C0060FC15 /* Base */,
			);
			name = LaunchScreen.storyboard;
			sourceTree = "<group>";
		};
/* End PBXVariantGroup section */

/* Begin XCBuildConfiguration section */
		84E6767D29BA227C0060FC15 /* Debug */ = {
			isa = XCBuildConfiguration;
			buildSettings = {
				ALWAYS_SEARCH_USER_PATHS = NO;
				CLANG_ANALYZER_NONNULL = YES;
				CLANG_ANALYZER_NUMBER_OBJECT_CONVERSION = YES_AGGRESSIVE;
				CLANG_CXX_LANGUAGE_STANDARD = "gnu++20";
				CLANG_ENABLE_MODULES = YES;
				CLANG_ENABLE_OBJC_ARC = YES;
				CLANG_ENABLE_OBJC_WEAK = YES;
				CLANG_WARN_BLOCK_CAPTURE_AUTORELEASING = YES;
				CLANG_WARN_BOOL_CONVERSION = YES;
				CLANG_WARN_COMMA = YES;
				CLANG_WARN_CONSTANT_CONVERSION = YES;
				CLANG_WARN_DEPRECATED_OBJC_IMPLEMENTATIONS = YES;
				CLANG_WARN_DIRECT_OBJC_ISA_USAGE = YES_ERROR;
				CLANG_WARN_DOCUMENTATION_COMMENTS = YES;
				CLANG_WARN_EMPTY_BODY = YES;
				CLANG_WARN_ENUM_CONVERSION = YES;
				CLANG_WARN_INFINITE_RECURSION = YES;
				CLANG_WARN_INT_CONVERSION = YES;
				CLANG_WARN_NON_LITERAL_NULL_CONVERSION = YES;
				CLANG_WARN_OBJC_IMPLICIT_RETAIN_SELF = YES;
				CLANG_WARN_OBJC_LITERAL_CONVERSION = YES;
				CLANG_WARN_OBJC_ROOT_CLASS = YES_ERROR;
				CLANG_WARN_QUOTED_INCLUDE_IN_FRAMEWORK_HEADER = YES;
				CLANG_WARN_RANGE_LOOP_ANALYSIS = YES;
				CLANG_WARN_STRICT_PROTOTYPES = YES;
				CLANG_WARN_SUSPICIOUS_MOVE = YES;
				CLANG_WARN_UNGUARDED_AVAILABILITY = YES_AGGRESSIVE;
				CLANG_WARN_UNREACHABLE_CODE = YES;
				CLANG_WARN__DUPLICATE_METHOD_MATCH = YES;
				COPY_PHASE_STRIP = NO;
				DEBUG_INFORMATION_FORMAT = dwarf;
				ENABLE_STRICT_OBJC_MSGSEND = YES;
				ENABLE_TESTABILITY = YES;
				GCC_C_LANGUAGE_STANDARD = gnu11;
				GCC_DYNAMIC_NO_PIC = NO;
				GCC_NO_COMMON_BLOCKS = YES;
				GCC_OPTIMIZATION_LEVEL = 0;
				GCC_PREPROCESSOR_DEFINITIONS = (
					"DEBUG=1",
					"$(inherited)",
				);
				GCC_WARN_64_TO_32_BIT_CONVERSION = YES;
				GCC_WARN_ABOUT_RETURN_TYPE = YES_ERROR;
				GCC_WARN_UNDECLARED_SELECTOR = YES;
				GCC_WARN_UNINITIALIZED_AUTOS = YES_AGGRESSIVE;
				GCC_WARN_UNUSED_FUNCTION = YES;
				GCC_WARN_UNUSED_VARIABLE = YES;
				IPHONEOS_DEPLOYMENT_TARGET = 16.0;
				MTL_ENABLE_DEBUG_INFO = INCLUDE_SOURCE;
				MTL_FAST_MATH = YES;
				ONLY_ACTIVE_ARCH = YES;
				SDKROOT = iphoneos;
				SWIFT_ACTIVE_COMPILATION_CONDITIONS = DEBUG;
				SWIFT_OPTIMIZATION_LEVEL = "-Onone";
			};
			name = Debug;
		};
		84E6767E29BA227C0060FC15 /* Release */ = {
			isa = XCBuildConfiguration;
			buildSettings = {
				ALWAYS_SEARCH_USER_PATHS = NO;
				CLANG_ANALYZER_NONNULL = YES;
				CLANG_ANALYZER_NUMBER_OBJECT_CONVERSION = YES_AGGRESSIVE;
				CLANG_CXX_LANGUAGE_STANDARD = "gnu++20";
				CLANG_ENABLE_MODULES = YES;
				CLANG_ENABLE_OBJC_ARC = YES;
				CLANG_ENABLE_OBJC_WEAK = YES;
				CLANG_WARN_BLOCK_CAPTURE_AUTORELEASING = YES;
				CLANG_WARN_BOOL_CONVERSION = YES;
				CLANG_WARN_COMMA = YES;
				CLANG_WARN_CONSTANT_CONVERSION = YES;
				CLANG_WARN_DEPRECATED_OBJC_IMPLEMENTATIONS = YES;
				CLANG_WARN_DIRECT_OBJC_ISA_USAGE = YES_ERROR;
				CLANG_WARN_DOCUMENTATION_COMMENTS = YES;
				CLANG_WARN_EMPTY_BODY = YES;
				CLANG_WARN_ENUM_CONVERSION = YES;
				CLANG_WARN_INFINITE_RECURSION = YES;
				CLANG_WARN_INT_CONVERSION = YES;
				CLANG_WARN_NON_LITERAL_NULL_CONVERSION = YES;
				CLANG_WARN_OBJC_IMPLICIT_RETAIN_SELF = YES;
				CLANG_WARN_OBJC_LITERAL_CONVERSION = YES;
				CLANG_WARN_OBJC_ROOT_CLASS = YES_ERROR;
				CLANG_WARN_QUOTED_INCLUDE_IN_FRAMEWORK_HEADER = YES;
				CLANG_WARN_RANGE_LOOP_ANALYSIS = YES;
				CLANG_WARN_STRICT_PROTOTYPES = YES;
				CLANG_WARN_SUSPICIOUS_MOVE = YES;
				CLANG_WARN_UNGUARDED_AVAILABILITY = YES_AGGRESSIVE;
				CLANG_WARN_UNREACHABLE_CODE = YES;
				CLANG_WARN__DUPLICATE_METHOD_MATCH = YES;
				COPY_PHASE_STRIP = NO;
				DEBUG_INFORMATION_FORMAT = "dwarf-with-dsym";
				ENABLE_NS_ASSERTIONS = NO;
				ENABLE_STRICT_OBJC_MSGSEND = YES;
				GCC_C_LANGUAGE_STANDARD = gnu11;
				GCC_NO_COMMON_BLOCKS = YES;
				GCC_WARN_64_TO_32_BIT_CONVERSION = YES;
				GCC_WARN_ABOUT_RETURN_TYPE = YES_ERROR;
				GCC_WARN_UNDECLARED_SELECTOR = YES;
				GCC_WARN_UNINITIALIZED_AUTOS = YES_AGGRESSIVE;
				GCC_WARN_UNUSED_FUNCTION = YES;
				GCC_WARN_UNUSED_VARIABLE = YES;
				IPHONEOS_DEPLOYMENT_TARGET = 16.0;
				MTL_ENABLE_DEBUG_INFO = NO;
				MTL_FAST_MATH = YES;
				SDKROOT = iphoneos;
				SWIFT_COMPILATION_MODE = wholemodule;
				SWIFT_OPTIMIZATION_LEVEL = "-O";
				VALIDATE_PRODUCT = YES;
			};
			name = Release;
		};
		84E6768029BA227C0060FC15 /* Debug */ = {
			isa = XCBuildConfiguration;
			buildSettings = {
				ASSETCATALOG_COMPILER_APPICON_NAME = AppIcon;
				ASSETCATALOG_COMPILER_GLOBAL_ACCENT_COLOR_NAME = AccentColor;
				CODE_SIGN_STYLE = Automatic;
				CURRENT_PROJECT_VERSION = 1;
				GENERATE_INFOPLIST_FILE = YES;
				INFOPLIST_FILE = iOSExample/Info.plist;
				INFOPLIST_KEY_UIApplicationSupportsIndirectInputEvents = YES;
				INFOPLIST_KEY_UILaunchStoryboardName = LaunchScreen;
				INFOPLIST_KEY_UIMainStoryboardFile = Main;
				INFOPLIST_KEY_UISupportedInterfaceOrientations_iPad = "UIInterfaceOrientationPortrait UIInterfaceOrientationPortraitUpsideDown UIInterfaceOrientationLandscapeLeft UIInterfaceOrientationLandscapeRight";
				INFOPLIST_KEY_UISupportedInterfaceOrientations_iPhone = "UIInterfaceOrientationPortrait UIInterfaceOrientationLandscapeLeft UIInterfaceOrientationLandscapeRight";
				LD_RUNPATH_SEARCH_PATHS = (
					"$(inherited)",
					"@executable_path/Frameworks",
				);
				MARKETING_VERSION = 1.0;
				PRODUCT_BUNDLE_IDENTIFIER = com.asyncios.openmagicai.iOSExample;
				PRODUCT_NAME = "$(TARGET_NAME)";
				SWIFT_EMIT_LOC_STRINGS = YES;
				SWIFT_VERSION = 5.0;
				TARGETED_DEVICE_FAMILY = "1,2";
			};
			name = Debug;
		};
		84E6768129BA227C0060FC15 /* Release */ = {
			isa = XCBuildConfiguration;
			buildSettings = {
				ASSETCATALOG_COMPILER_APPICON_NAME = AppIcon;
				ASSETCATALOG_COMPILER_GLOBAL_ACCENT_COLOR_NAME = AccentColor;
				CODE_SIGN_STYLE = Automatic;
				CURRENT_PROJECT_VERSION = 1;
				GENERATE_INFOPLIST_FILE = YES;
				INFOPLIST_FILE = iOSExample/Info.plist;
				INFOPLIST_KEY_UIApplicationSupportsIndirectInputEvents = YES;
				INFOPLIST_KEY_UILaunchStoryboardName = LaunchScreen;
				INFOPLIST_KEY_UIMainStoryboardFile = Main;
				INFOPLIST_KEY_UISupportedInterfaceOrientations_iPad = "UIInterfaceOrientationPortrait UIInterfaceOrientationPortraitUpsideDown UIInterfaceOrientationLandscapeLeft UIInterfaceOrientationLandscapeRight";
				INFOPLIST_KEY_UISupportedInterfaceOrientations_iPhone = "UIInterfaceOrientationPortrait UIInterfaceOrientationLandscapeLeft UIInterfaceOrientationLandscapeRight";
				LD_RUNPATH_SEARCH_PATHS = (
					"$(inherited)",
					"@executable_path/Frameworks",
				);
				MARKETING_VERSION = 1.0;
				PRODUCT_BUNDLE_IDENTIFIER = com.asyncios.openmagicai.iOSExample;
				PRODUCT_NAME = "$(TARGET_NAME)";
				SWIFT_EMIT_LOC_STRINGS = YES;
				SWIFT_VERSION = 5.0;
				TARGETED_DEVICE_FAMILY = "1,2";
			};
			name = Release;
		};
		84E6768329BA227C0060FC15 /* Debug */ = {
			isa = XCBuildConfiguration;
			buildSettings = {
				ALWAYS_EMBED_SWIFT_STANDARD_LIBRARIES = YES;
				BUNDLE_LOADER = "$(TEST_HOST)";
				CODE_SIGN_STYLE = Automatic;
				CURRENT_PROJECT_VERSION = 1;
				GENERATE_INFOPLIST_FILE = YES;
				IPHONEOS_DEPLOYMENT_TARGET = 16.0;
				MARKETING_VERSION = 1.0;
				PRODUCT_BUNDLE_IDENTIFIER = com.asyncios.openmagicai.iOSExampleTests;
				PRODUCT_NAME = "$(TARGET_NAME)";
				SWIFT_EMIT_LOC_STRINGS = NO;
				SWIFT_VERSION = 5.0;
				TARGETED_DEVICE_FAMILY = "1,2";
				TEST_HOST = "$(BUILT_PRODUCTS_DIR)/iOSExample.app/$(BUNDLE_EXECUTABLE_FOLDER_PATH)/iOSExample";
			};
			name = Debug;
		};
		84E6768429BA227C0060FC15 /* Release */ = {
			isa = XCBuildConfiguration;
			buildSettings = {
				ALWAYS_EMBED_SWIFT_STANDARD_LIBRARIES = YES;
				BUNDLE_LOADER = "$(TEST_HOST)";
				CODE_SIGN_STYLE = Automatic;
				CURRENT_PROJECT_VERSION = 1;
				GENERATE_INFOPLIST_FILE = YES;
				IPHONEOS_DEPLOYMENT_TARGET = 16.0;
				MARKETING_VERSION = 1.0;
				PRODUCT_BUNDLE_IDENTIFIER = com.asyncios.openmagicai.iOSExampleTests;
				PRODUCT_NAME = "$(TARGET_NAME)";
				SWIFT_EMIT_LOC_STRINGS = NO;
				SWIFT_VERSION = 5.0;
				TARGETED_DEVICE_FAMILY = "1,2";
				TEST_HOST = "$(BUILT_PRODUCTS_DIR)/iOSExample.app/$(BUNDLE_EXECUTABLE_FOLDER_PATH)/iOSExample";
			};
			name = Release;
		};
		84E6768629BA227C0060FC15 /* Debug */ = {
			isa = XCBuildConfiguration;
			buildSettings = {
				ALWAYS_EMBED_SWIFT_STANDARD_LIBRARIES = YES;
				CODE_SIGN_STYLE = Automatic;
				CURRENT_PROJECT_VERSION = 1;
				GENERATE_INFOPLIST_FILE = YES;
				MARKETING_VERSION = 1.0;
				PRODUCT_BUNDLE_IDENTIFIER = com.asyncios.openmagicai.iOSExampleUITests;
				PRODUCT_NAME = "$(TARGET_NAME)";
				SWIFT_EMIT_LOC_STRINGS = NO;
				SWIFT_VERSION = 5.0;
				TARGETED_DEVICE_FAMILY = "1,2";
				TEST_TARGET_NAME = iOSExample;
			};
			name = Debug;
		};
		84E6768729BA227C0060FC15 /* Release */ = {
			isa = XCBuildConfiguration;
			buildSettings = {
				ALWAYS_EMBED_SWIFT_STANDARD_LIBRARIES = YES;
				CODE_SIGN_STYLE = Automatic;
				CURRENT_PROJECT_VERSION = 1;
				GENERATE_INFOPLIST_FILE = YES;
				MARKETING_VERSION = 1.0;
				PRODUCT_BUNDLE_IDENTIFIER = com.asyncios.openmagicai.iOSExampleUITests;
				PRODUCT_NAME = "$(TARGET_NAME)";
				SWIFT_EMIT_LOC_STRINGS = NO;
				SWIFT_VERSION = 5.0;
				TARGETED_DEVICE_FAMILY = "1,2";
				TEST_TARGET_NAME = iOSExample;
			};
			name = Release;
		};
/* End XCBuildConfiguration section */

/* Begin XCConfigurationList section */
		84E6765029BA227B0060FC15 /* Build configuration list for PBXProject "iOSExample" */ = {
			isa = XCConfigurationList;
			buildConfigurations = (
				84E6767D29BA227C0060FC15 /* Debug */,
				84E6767E29BA227C0060FC15 /* Release */,
			);
			defaultConfigurationIsVisible = 0;
			defaultConfigurationName = Release;
		};
		84E6767F29BA227C0060FC15 /* Build configuration list for PBXNativeTarget "iOSExample" */ = {
			isa = XCConfigurationList;
			buildConfigurations = (
				84E6768029BA227C0060FC15 /* Debug */,
				84E6768129BA227C0060FC15 /* Release */,
			);
			defaultConfigurationIsVisible = 0;
			defaultConfigurationName = Release;
		};
		84E6768229BA227C0060FC15 /* Build configuration list for PBXNativeTarget "iOSExampleTests" */ = {
			isa = XCConfigurationList;
			buildConfigurations = (
				84E6768329BA227C0060FC15 /* Debug */,
				84E6768429BA227C0060FC15 /* Release */,
			);
			defaultConfigurationIsVisible = 0;
			defaultConfigurationName = Release;
		};
		84E6768529BA227C0060FC15 /* Build configuration list for PBXNativeTarget "iOSExampleUITests" */ = {
			isa = XCConfigurationList;
			buildConfigurations = (
				84E6768629BA227C0060FC15 /* Debug */,
				84E6768729BA227C0060FC15 /* Release */,
			);
			defaultConfigurationIsVisible = 0;
			defaultConfigurationName = Release;
		};
/* End XCConfigurationList section */

/* Begin XCRemoteSwiftPackageReference section */
		84E6768829BA22DA0060FC15 /* XCRemoteSwiftPackageReference "OpenMagicAI" */ = {
			isa = XCRemoteSwiftPackageReference;
			repositoryURL = "https://github.com/asyncios/OpenMagicAI";
			requirement = {
				branch = master;
				kind = branch;
			};
		};
/* End XCRemoteSwiftPackageReference section */

/* Begin XCSwiftPackageProductDependency section */
		84E6768929BA22DA0060FC15 /* OpenMagicAI */ = {
			isa = XCSwiftPackageProductDependency;
			package = 84E6768829BA22DA0060FC15 /* XCRemoteSwiftPackageReference "OpenMagicAI" */;
			productName = OpenMagicAI;
		};
/* End XCSwiftPackageProductDependency section */
	};
	rootObject = 84E6764D29BA227B0060FC15 /* Project object */;
}
