// !$*UTF8*$!
{
	archiveVersion = 1;
	classes = {
	};
	objectVersion = 56;
	objects = {

/* Begin PBXBuildFile section */
		84A19C8829BC2BD000FF6D79 /* AppDelegate.swift in Sources */ = {isa = PBXBuildFile; fileRef = 84A19C8729BC2BD000FF6D79 /* AppDelegate.swift */; };
		84A19C8A29BC2BD000FF6D79 /* SceneDelegate.swift in Sources */ = {isa = PBXBuildFile; fileRef = 84A19C8929BC2BD000FF6D79 /* SceneDelegate.swift */; };
		84A19C8F29BC2BD000FF6D79 /* Main.storyboard in Resources */ = {isa = PBXBuildFile; fileRef = 84A19C8D29BC2BD000FF6D79 /* Main.storyboard */; };
		84A19C9129BC2BD000FF6D79 /* Assets.xcassets in Resources */ = {isa = PBXBuildFile; fileRef = 84A19C9029BC2BD000FF6D79 /* Assets.xcassets */; };
		84A19C9429BC2BD000FF6D79 /* LaunchScreen.storyboard in Resources */ = {isa = PBXBuildFile; fileRef = 84A19C9229BC2BD000FF6D79 /* LaunchScreen.storyboard */; };
		84A19C9F29BC2BD000FF6D79 /* SampleAppTests.swift in Sources */ = {isa = PBXBuildFile; fileRef = 84A19C9E29BC2BD000FF6D79 /* SampleAppTests.swift */; };
		84A19CA929BC2BD100FF6D79 /* SampleAppUITests.swift in Sources */ = {isa = PBXBuildFile; fileRef = 84A19CA829BC2BD100FF6D79 /* SampleAppUITests.swift */; };
		84A19CAB29BC2BD100FF6D79 /* SampleAppUITestsLaunchTests.swift in Sources */ = {isa = PBXBuildFile; fileRef = 84A19CAA29BC2BD100FF6D79 /* SampleAppUITestsLaunchTests.swift */; };
		84A19CC529BC2C6F00FF6D79 /* UIViewController.swift in Sources */ = {isa = PBXBuildFile; fileRef = 84A19CC329BC2C6F00FF6D79 /* UIViewController.swift */; };
		84A19CC629BC2C6F00FF6D79 /* UIImageView.swift in Sources */ = {isa = PBXBuildFile; fileRef = 84A19CC429BC2C6F00FF6D79 /* UIImageView.swift */; };
		84A19CDE29BC2C8500FF6D79 /* ChatMessage.swift in Sources */ = {isa = PBXBuildFile; fileRef = 84A19CC829BC2C8500FF6D79 /* ChatMessage.swift */; };
		84A19CDF29BC2C8500FF6D79 /* ChatViewController.swift in Sources */ = {isa = PBXBuildFile; fileRef = 84A19CCA29BC2C8500FF6D79 /* ChatViewController.swift */; };
		84A19CE029BC2C8500FF6D79 /* ImageItemViewController.swift in Sources */ = {isa = PBXBuildFile; fileRef = 84A19CCB29BC2C8500FF6D79 /* ImageItemViewController.swift */; };
		84A19CE129BC2C8500FF6D79 /* ModelsViewController.swift in Sources */ = {isa = PBXBuildFile; fileRef = 84A19CCC29BC2C8500FF6D79 /* ModelsViewController.swift */; };
		84A19CE229BC2C8500FF6D79 /* ImageItemViewController.xib in Resources */ = {isa = PBXBuildFile; fileRef = 84A19CCD29BC2C8500FF6D79 /* ImageItemViewController.xib */; };
		84A19CE329BC2C8500FF6D79 /* CompletionsViewController.swift in Sources */ = {isa = PBXBuildFile; fileRef = 84A19CCE29BC2C8500FF6D79 /* CompletionsViewController.swift */; };
		84A19CE429BC2C8500FF6D79 /* ImagesViewController.swift in Sources */ = {isa = PBXBuildFile; fileRef = 84A19CCF29BC2C8500FF6D79 /* ImagesViewController.swift */; };
		84A19CE529BC2C8500FF6D79 /* ChatViewController.xib in Resources */ = {isa = PBXBuildFile; fileRef = 84A19CD029BC2C8500FF6D79 /* ChatViewController.xib */; };
		84A19CE629BC2C8500FF6D79 /* EditsViewController.swift in Sources */ = {isa = PBXBuildFile; fileRef = 84A19CD129BC2C8500FF6D79 /* EditsViewController.swift */; };
		84A19CE729BC2C8500FF6D79 /* UserChatTableViewCell.xib in Resources */ = {isa = PBXBuildFile; fileRef = 84A19CD329BC2C8500FF6D79 /* UserChatTableViewCell.xib */; };
		84A19CE829BC2C8500FF6D79 /* UserChatTableViewCell.swift in Sources */ = {isa = PBXBuildFile; fileRef = 84A19CD429BC2C8500FF6D79 /* UserChatTableViewCell.swift */; };
		84A19CE929BC2C8500FF6D79 /* AIChatTableViewCell.swift in Sources */ = {isa = PBXBuildFile; fileRef = 84A19CD529BC2C8500FF6D79 /* AIChatTableViewCell.swift */; };
		84A19CEA29BC2C8500FF6D79 /* AIChatTableViewCell.xib in Resources */ = {isa = PBXBuildFile; fileRef = 84A19CD629BC2C8500FF6D79 /* AIChatTableViewCell.xib */; };
		84A19CEB29BC2C8500FF6D79 /* BaseChatTableViewCell.swift in Sources */ = {isa = PBXBuildFile; fileRef = 84A19CD729BC2C8500FF6D79 /* BaseChatTableViewCell.swift */; };
		84A19CEC29BC2C8500FF6D79 /* ItemViewController.xib in Resources */ = {isa = PBXBuildFile; fileRef = 84A19CD829BC2C8500FF6D79 /* ItemViewController.xib */; };
		84A19CED29BC2C8500FF6D79 /* ItemViewController.swift in Sources */ = {isa = PBXBuildFile; fileRef = 84A19CD929BC2C8500FF6D79 /* ItemViewController.swift */; };
		84A19CEE29BC2C8500FF6D79 /* Loadable.swift in Sources */ = {isa = PBXBuildFile; fileRef = 84A19CDB29BC2C8500FF6D79 /* Loadable.swift */; };
		84A19CEF29BC2C8500FF6D79 /* LoadingView.swift in Sources */ = {isa = PBXBuildFile; fileRef = 84A19CDC29BC2C8500FF6D79 /* LoadingView.swift */; };
		84A19CF029BC2C8500FF6D79 /* RootTabBarViewController.swift in Sources */ = {isa = PBXBuildFile; fileRef = 84A19CDD29BC2C8500FF6D79 /* RootTabBarViewController.swift */; };
		84A19CF329BC2CB700FF6D79 /* OpenMagicAI in Frameworks */ = {isa = PBXBuildFile; productRef = 84A19CF229BC2CB700FF6D79 /* OpenMagicAI */; };
/* End PBXBuildFile section */

/* Begin PBXContainerItemProxy section */
		84A19C9B29BC2BD000FF6D79 /* PBXContainerItemProxy */ = {
			isa = PBXContainerItemProxy;
			containerPortal = 84A19C7C29BC2BD000FF6D79 /* Project object */;
			proxyType = 1;
			remoteGlobalIDString = 84A19C8329BC2BD000FF6D79;
			remoteInfo = SampleApp;
		};
		84A19CA529BC2BD000FF6D79 /* PBXContainerItemProxy */ = {
			isa = PBXContainerItemProxy;
			containerPortal = 84A19C7C29BC2BD000FF6D79 /* Project object */;
			proxyType = 1;
			remoteGlobalIDString = 84A19C8329BC2BD000FF6D79;
			remoteInfo = SampleApp;
		};
/* End PBXContainerItemProxy section */

/* Begin PBXFileReference section */
		84A19C8429BC2BD000FF6D79 /* SampleApp.app */ = {isa = PBXFileReference; explicitFileType = wrapper.application; includeInIndex = 0; path = SampleApp.app; sourceTree = BUILT_PRODUCTS_DIR; };
		84A19C8729BC2BD000FF6D79 /* AppDelegate.swift */ = {isa = PBXFileReference; lastKnownFileType = sourcecode.swift; path = AppDelegate.swift; sourceTree = "<group>"; };
		84A19C8929BC2BD000FF6D79 /* SceneDelegate.swift */ = {isa = PBXFileReference; lastKnownFileType = sourcecode.swift; path = SceneDelegate.swift; sourceTree = "<group>"; };
		84A19C8E29BC2BD000FF6D79 /* Base */ = {isa = PBXFileReference; lastKnownFileType = file.storyboard; name = Base; path = Base.lproj/Main.storyboard; sourceTree = "<group>"; };
		84A19C9029BC2BD000FF6D79 /* Assets.xcassets */ = {isa = PBXFileReference; lastKnownFileType = folder.assetcatalog; path = Assets.xcassets; sourceTree = "<group>"; };
		84A19C9329BC2BD000FF6D79 /* Base */ = {isa = PBXFileReference; lastKnownFileType = file.storyboard; name = Base; path = Base.lproj/LaunchScreen.storyboard; sourceTree = "<group>"; };
		84A19C9529BC2BD000FF6D79 /* Info.plist */ = {isa = PBXFileReference; lastKnownFileType = text.plist.xml; path = Info.plist; sourceTree = "<group>"; };
		84A19C9A29BC2BD000FF6D79 /* SampleAppTests.xctest */ = {isa = PBXFileReference; explicitFileType = wrapper.cfbundle; includeInIndex = 0; path = SampleAppTests.xctest; sourceTree = BUILT_PRODUCTS_DIR; };
		84A19C9E29BC2BD000FF6D79 /* SampleAppTests.swift */ = {isa = PBXFileReference; lastKnownFileType = sourcecode.swift; path = SampleAppTests.swift; sourceTree = "<group>"; };
		84A19CA429BC2BD000FF6D79 /* SampleAppUITests.xctest */ = {isa = PBXFileReference; explicitFileType = wrapper.cfbundle; includeInIndex = 0; path = SampleAppUITests.xctest; sourceTree = BUILT_PRODUCTS_DIR; };
		84A19CA829BC2BD100FF6D79 /* SampleAppUITests.swift */ = {isa = PBXFileReference; lastKnownFileType = sourcecode.swift; path = SampleAppUITests.swift; sourceTree = "<group>"; };
		84A19CAA29BC2BD100FF6D79 /* SampleAppUITestsLaunchTests.swift */ = {isa = PBXFileReference; lastKnownFileType = sourcecode.swift; path = SampleAppUITestsLaunchTests.swift; sourceTree = "<group>"; };
		84A19CB729BC2C0100FF6D79 /* OpenMagicAI */ = {isa = PBXFileReference; lastKnownFileType = wrapper; name = OpenMagicAI; path = ..; sourceTree = "<group>"; };
		84A19CC329BC2C6F00FF6D79 /* UIViewController.swift */ = {isa = PBXFileReference; fileEncoding = 4; lastKnownFileType = sourcecode.swift; path = UIViewController.swift; sourceTree = "<group>"; };
		84A19CC429BC2C6F00FF6D79 /* UIImageView.swift */ = {isa = PBXFileReference; fileEncoding = 4; lastKnownFileType = sourcecode.swift; path = UIImageView.swift; sourceTree = "<group>"; };
		84A19CC829BC2C8500FF6D79 /* ChatMessage.swift */ = {isa = PBXFileReference; fileEncoding = 4; lastKnownFileType = sourcecode.swift; path = ChatMessage.swift; sourceTree = "<group>"; };
		84A19CCA29BC2C8500FF6D79 /* ChatViewController.swift */ = {isa = PBXFileReference; fileEncoding = 4; lastKnownFileType = sourcecode.swift; path = ChatViewController.swift; sourceTree = "<group>"; };
		84A19CCB29BC2C8500FF6D79 /* ImageItemViewController.swift */ = {isa = PBXFileReference; fileEncoding = 4; lastKnownFileType = sourcecode.swift; path = ImageItemViewController.swift; sourceTree = "<group>"; };
		84A19CCC29BC2C8500FF6D79 /* ModelsViewController.swift */ = {isa = PBXFileReference; fileEncoding = 4; lastKnownFileType = sourcecode.swift; path = ModelsViewController.swift; sourceTree = "<group>"; };
		84A19CCD29BC2C8500FF6D79 /* ImageItemViewController.xib */ = {isa = PBXFileReference; fileEncoding = 4; lastKnownFileType = file.xib; path = ImageItemViewController.xib; sourceTree = "<group>"; };
		84A19CCE29BC2C8500FF6D79 /* CompletionsViewController.swift */ = {isa = PBXFileReference; fileEncoding = 4; lastKnownFileType = sourcecode.swift; path = CompletionsViewController.swift; sourceTree = "<group>"; };
		84A19CCF29BC2C8500FF6D79 /* ImagesViewController.swift */ = {isa = PBXFileReference; fileEncoding = 4; lastKnownFileType = sourcecode.swift; path = ImagesViewController.swift; sourceTree = "<group>"; };
		84A19CD029BC2C8500FF6D79 /* ChatViewController.xib */ = {isa = PBXFileReference; fileEncoding = 4; lastKnownFileType = file.xib; path = ChatViewController.xib; sourceTree = "<group>"; };
		84A19CD129BC2C8500FF6D79 /* EditsViewController.swift */ = {isa = PBXFileReference; fileEncoding = 4; lastKnownFileType = sourcecode.swift; path = EditsViewController.swift; sourceTree = "<group>"; };
		84A19CD329BC2C8500FF6D79 /* UserChatTableViewCell.xib */ = {isa = PBXFileReference; fileEncoding = 4; lastKnownFileType = file.xib; path = UserChatTableViewCell.xib; sourceTree = "<group>"; };
		84A19CD429BC2C8500FF6D79 /* UserChatTableViewCell.swift */ = {isa = PBXFileReference; fileEncoding = 4; lastKnownFileType = sourcecode.swift; path = UserChatTableViewCell.swift; sourceTree = "<group>"; };
		84A19CD529BC2C8500FF6D79 /* AIChatTableViewCell.swift */ = {isa = PBXFileReference; fileEncoding = 4; lastKnownFileType = sourcecode.swift; path = AIChatTableViewCell.swift; sourceTree = "<group>"; };
		84A19CD629BC2C8500FF6D79 /* AIChatTableViewCell.xib */ = {isa = PBXFileReference; fileEncoding = 4; lastKnownFileType = file.xib; path = AIChatTableViewCell.xib; sourceTree = "<group>"; };
		84A19CD729BC2C8500FF6D79 /* BaseChatTableViewCell.swift */ = {isa = PBXFileReference; fileEncoding = 4; lastKnownFileType = sourcecode.swift; path = BaseChatTableViewCell.swift; sourceTree = "<group>"; };
		84A19CD829BC2C8500FF6D79 /* ItemViewController.xib */ = {isa = PBXFileReference; fileEncoding = 4; lastKnownFileType = file.xib; path = ItemViewController.xib; sourceTree = "<group>"; };
		84A19CD929BC2C8500FF6D79 /* ItemViewController.swift */ = {isa = PBXFileReference; fileEncoding = 4; lastKnownFileType = sourcecode.swift; path = ItemViewController.swift; sourceTree = "<group>"; };
		84A19CDB29BC2C8500FF6D79 /* Loadable.swift */ = {isa = PBXFileReference; fileEncoding = 4; lastKnownFileType = sourcecode.swift; path = Loadable.swift; sourceTree = "<group>"; };
		84A19CDC29BC2C8500FF6D79 /* LoadingView.swift */ = {isa = PBXFileReference; fileEncoding = 4; lastKnownFileType = sourcecode.swift; path = LoadingView.swift; sourceTree = "<group>"; };
		84A19CDD29BC2C8500FF6D79 /* RootTabBarViewController.swift */ = {isa = PBXFileReference; fileEncoding = 4; lastKnownFileType = sourcecode.swift; path = RootTabBarViewController.swift; sourceTree = "<group>"; };
/* End PBXFileReference section */

/* Begin PBXFrameworksBuildPhase section */
		84A19C8129BC2BD000FF6D79 /* Frameworks */ = {
			isa = PBXFrameworksBuildPhase;
			buildActionMask = 2147483647;
			files = (
				84A19CF329BC2CB700FF6D79 /* OpenMagicAI in Frameworks */,
			);
			runOnlyForDeploymentPostprocessing = 0;
		};
		84A19C9729BC2BD000FF6D79 /* Frameworks */ = {
			isa = PBXFrameworksBuildPhase;
			buildActionMask = 2147483647;
			files = (
			);
			runOnlyForDeploymentPostprocessing = 0;
		};
		84A19CA129BC2BD000FF6D79 /* Frameworks */ = {
			isa = PBXFrameworksBuildPhase;
			buildActionMask = 2147483647;
			files = (
			);
			runOnlyForDeploymentPostprocessing = 0;
		};
/* End PBXFrameworksBuildPhase section */

/* Begin PBXGroup section */
		84A19C7B29BC2BD000FF6D79 = {
			isa = PBXGroup;
			children = (
				84A19CB729BC2C0100FF6D79 /* OpenMagicAI */,
				84A19C8629BC2BD000FF6D79 /* SampleApp */,
				84A19C9D29BC2BD000FF6D79 /* SampleAppTests */,
				84A19CA729BC2BD000FF6D79 /* SampleAppUITests */,
				84A19C8529BC2BD000FF6D79 /* Products */,
				84A19CF129BC2CB700FF6D79 /* Frameworks */,
			);
			sourceTree = "<group>";
		};
		84A19C8529BC2BD000FF6D79 /* Products */ = {
			isa = PBXGroup;
			children = (
				84A19C8429BC2BD000FF6D79 /* SampleApp.app */,
				84A19C9A29BC2BD000FF6D79 /* SampleAppTests.xctest */,
				84A19CA429BC2BD000FF6D79 /* SampleAppUITests.xctest */,
			);
			name = Products;
			sourceTree = "<group>";
		};
		84A19C8629BC2BD000FF6D79 /* SampleApp */ = {
			isa = PBXGroup;
			children = (
				84A19C8729BC2BD000FF6D79 /* AppDelegate.swift */,
				84A19C9029BC2BD000FF6D79 /* Assets.xcassets */,
				84A19CC229BC2C6F00FF6D79 /* Extension */,
				84A19C9529BC2BD000FF6D79 /* Info.plist */,
				84A19C9229BC2BD000FF6D79 /* LaunchScreen.storyboard */,
				84A19CDA29BC2C8500FF6D79 /* Load */,
				84A19C8D29BC2BD000FF6D79 /* Main.storyboard */,
				84A19CC729BC2C8500FF6D79 /* Model */,
				84A19CDD29BC2C8500FF6D79 /* RootTabBarViewController.swift */,
				84A19C8929BC2BD000FF6D79 /* SceneDelegate.swift */,
				84A19CC929BC2C8500FF6D79 /* ViewController */,
			);
			path = SampleApp;
			sourceTree = "<group>";
		};
		84A19C9D29BC2BD000FF6D79 /* SampleAppTests */ = {
			isa = PBXGroup;
			children = (
				84A19C9E29BC2BD000FF6D79 /* SampleAppTests.swift */,
			);
			path = SampleAppTests;
			sourceTree = "<group>";
		};
		84A19CA729BC2BD000FF6D79 /* SampleAppUITests */ = {
			isa = PBXGroup;
			children = (
				84A19CA829BC2BD100FF6D79 /* SampleAppUITests.swift */,
				84A19CAA29BC2BD100FF6D79 /* SampleAppUITestsLaunchTests.swift */,
			);
			path = SampleAppUITests;
			sourceTree = "<group>";
		};
		84A19CC229BC2C6F00FF6D79 /* Extension */ = {
			isa = PBXGroup;
			children = (
				84A19CC329BC2C6F00FF6D79 /* UIViewController.swift */,
				84A19CC429BC2C6F00FF6D79 /* UIImageView.swift */,
			);
			path = Extension;
			sourceTree = "<group>";
		};
		84A19CC729BC2C8500FF6D79 /* Model */ = {
			isa = PBXGroup;
			children = (
				84A19CC829BC2C8500FF6D79 /* ChatMessage.swift */,
			);
			path = Model;
			sourceTree = "<group>";
		};
		84A19CC929BC2C8500FF6D79 /* ViewController */ = {
			isa = PBXGroup;
			children = (
				84A19CCA29BC2C8500FF6D79 /* ChatViewController.swift */,
				84A19CCB29BC2C8500FF6D79 /* ImageItemViewController.swift */,
				84A19CCC29BC2C8500FF6D79 /* ModelsViewController.swift */,
				84A19CCD29BC2C8500FF6D79 /* ImageItemViewController.xib */,
				84A19CCE29BC2C8500FF6D79 /* CompletionsViewController.swift */,
				84A19CCF29BC2C8500FF6D79 /* ImagesViewController.swift */,
				84A19CD029BC2C8500FF6D79 /* ChatViewController.xib */,
				84A19CD129BC2C8500FF6D79 /* EditsViewController.swift */,
				84A19CD229BC2C8500FF6D79 /* Cell */,
				84A19CD829BC2C8500FF6D79 /* ItemViewController.xib */,
				84A19CD929BC2C8500FF6D79 /* ItemViewController.swift */,
			);
			path = ViewController;
			sourceTree = "<group>";
		};
		84A19CD229BC2C8500FF6D79 /* Cell */ = {
			isa = PBXGroup;
			children = (
				84A19CD329BC2C8500FF6D79 /* UserChatTableViewCell.xib */,
				84A19CD429BC2C8500FF6D79 /* UserChatTableViewCell.swift */,
				84A19CD529BC2C8500FF6D79 /* AIChatTableViewCell.swift */,
				84A19CD629BC2C8500FF6D79 /* AIChatTableViewCell.xib */,
				84A19CD729BC2C8500FF6D79 /* BaseChatTableViewCell.swift */,
			);
			path = Cell;
			sourceTree = "<group>";
		};
		84A19CDA29BC2C8500FF6D79 /* Load */ = {
			isa = PBXGroup;
			children = (
				84A19CDB29BC2C8500FF6D79 /* Loadable.swift */,
				84A19CDC29BC2C8500FF6D79 /* LoadingView.swift */,
			);
			path = Load;
			sourceTree = "<group>";
		};
		84A19CF129BC2CB700FF6D79 /* Frameworks */ = {
			isa = PBXGroup;
			children = (
			);
			name = Frameworks;
			sourceTree = "<group>";
		};
/* End PBXGroup section */

/* Begin PBXNativeTarget section */
		84A19C8329BC2BD000FF6D79 /* SampleApp */ = {
			isa = PBXNativeTarget;
			buildConfigurationList = 84A19CAE29BC2BD100FF6D79 /* Build configuration list for PBXNativeTarget "SampleApp" */;
			buildPhases = (
				84A19C8029BC2BD000FF6D79 /* Sources */,
				84A19C8129BC2BD000FF6D79 /* Frameworks */,
				84A19C8229BC2BD000FF6D79 /* Resources */,
			);
			buildRules = (
			);
			dependencies = (
			);
			name = SampleApp;
			packageProductDependencies = (
				84A19CF229BC2CB700FF6D79 /* OpenMagicAI */,
			);
			productName = SampleApp;
			productReference = 84A19C8429BC2BD000FF6D79 /* SampleApp.app */;
			productType = "com.apple.product-type.application";
		};
		84A19C9929BC2BD000FF6D79 /* SampleAppTests */ = {
			isa = PBXNativeTarget;
			buildConfigurationList = 84A19CB129BC2BD100FF6D79 /* Build configuration list for PBXNativeTarget "SampleAppTests" */;
			buildPhases = (
				84A19C9629BC2BD000FF6D79 /* Sources */,
				84A19C9729BC2BD000FF6D79 /* Frameworks */,
				84A19C9829BC2BD000FF6D79 /* Resources */,
			);
			buildRules = (
			);
			dependencies = (
				84A19C9C29BC2BD000FF6D79 /* PBXTargetDependency */,
			);
			name = SampleAppTests;
			productName = SampleAppTests;
			productReference = 84A19C9A29BC2BD000FF6D79 /* SampleAppTests.xctest */;
			productType = "com.apple.product-type.bundle.unit-test";
		};
		84A19CA329BC2BD000FF6D79 /* SampleAppUITests */ = {
			isa = PBXNativeTarget;
			buildConfigurationList = 84A19CB429BC2BD100FF6D79 /* Build configuration list for PBXNativeTarget "SampleAppUITests" */;
			buildPhases = (
				84A19CA029BC2BD000FF6D79 /* Sources */,
				84A19CA129BC2BD000FF6D79 /* Frameworks */,
				84A19CA229BC2BD000FF6D79 /* Resources */,
			);
			buildRules = (
			);
			dependencies = (
				84A19CA629BC2BD000FF6D79 /* PBXTargetDependency */,
			);
			name = SampleAppUITests;
			productName = SampleAppUITests;
			productReference = 84A19CA429BC2BD000FF6D79 /* SampleAppUITests.xctest */;
			productType = "com.apple.product-type.bundle.ui-testing";
		};
/* End PBXNativeTarget section */

/* Begin PBXProject section */
		84A19C7C29BC2BD000FF6D79 /* Project object */ = {
			isa = PBXProject;
			attributes = {
				BuildIndependentTargetsInParallel = 1;
				LastSwiftUpdateCheck = 1400;
				LastUpgradeCheck = 1400;
				TargetAttributes = {
					84A19C8329BC2BD000FF6D79 = {
						CreatedOnToolsVersion = 14.0;
					};
					84A19C9929BC2BD000FF6D79 = {
						CreatedOnToolsVersion = 14.0;
						TestTargetID = 84A19C8329BC2BD000FF6D79;
					};
					84A19CA329BC2BD000FF6D79 = {
						CreatedOnToolsVersion = 14.0;
						TestTargetID = 84A19C8329BC2BD000FF6D79;
					};
				};
			};
			buildConfigurationList = 84A19C7F29BC2BD000FF6D79 /* Build configuration list for PBXProject "SampleApp" */;
			compatibilityVersion = "Xcode 14.0";
			developmentRegion = en;
			hasScannedForEncodings = 0;
			knownRegions = (
				en,
				Base,
			);
			mainGroup = 84A19C7B29BC2BD000FF6D79;
			productRefGroup = 84A19C8529BC2BD000FF6D79 /* Products */;
			projectDirPath = "";
			projectRoot = "";
			targets = (
				84A19C8329BC2BD000FF6D79 /* SampleApp */,
				84A19C9929BC2BD000FF6D79 /* SampleAppTests */,
				84A19CA329BC2BD000FF6D79 /* SampleAppUITests */,
			);
		};
/* End PBXProject section */

/* Begin PBXResourcesBuildPhase section */
		84A19C8229BC2BD000FF6D79 /* Resources */ = {
			isa = PBXResourcesBuildPhase;
			buildActionMask = 2147483647;
			files = (
				84A19C9429BC2BD000FF6D79 /* LaunchScreen.storyboard in Resources */,
				84A19CE229BC2C8500FF6D79 /* ImageItemViewController.xib in Resources */,
				84A19C9129BC2BD000FF6D79 /* Assets.xcassets in Resources */,
				84A19CE529BC2C8500FF6D79 /* ChatViewController.xib in Resources */,
				84A19CEA29BC2C8500FF6D79 /* AIChatTableViewCell.xib in Resources */,
				84A19CEC29BC2C8500FF6D79 /* ItemViewController.xib in Resources */,
				84A19CE729BC2C8500FF6D79 /* UserChatTableViewCell.xib in Resources */,
				84A19C8F29BC2BD000FF6D79 /* Main.storyboard in Resources */,
			);
			runOnlyForDeploymentPostprocessing = 0;
		};
		84A19C9829BC2BD000FF6D79 /* Resources */ = {
			isa = PBXResourcesBuildPhase;
			buildActionMask = 2147483647;
			files = (
			);
			runOnlyForDeploymentPostprocessing = 0;
		};
		84A19CA229BC2BD000FF6D79 /* Resources */ = {
			isa = PBXResourcesBuildPhase;
			buildActionMask = 2147483647;
			files = (
			);
			runOnlyForDeploymentPostprocessing = 0;
		};
/* End PBXResourcesBuildPhase section */

/* Begin PBXSourcesBuildPhase section */
		84A19C8029BC2BD000FF6D79 /* Sources */ = {
			isa = PBXSourcesBuildPhase;
			buildActionMask = 2147483647;
			files = (
				84A19CEB29BC2C8500FF6D79 /* BaseChatTableViewCell.swift in Sources */,
				84A19CED29BC2C8500FF6D79 /* ItemViewController.swift in Sources */,
				84A19CF029BC2C8500FF6D79 /* RootTabBarViewController.swift in Sources */,
				84A19CE029BC2C8500FF6D79 /* ImageItemViewController.swift in Sources */,
				84A19CE129BC2C8500FF6D79 /* ModelsViewController.swift in Sources */,
				84A19CE429BC2C8500FF6D79 /* ImagesViewController.swift in Sources */,
				84A19CC629BC2C6F00FF6D79 /* UIImageView.swift in Sources */,
				84A19C8829BC2BD000FF6D79 /* AppDelegate.swift in Sources */,
				84A19CDF29BC2C8500FF6D79 /* ChatViewController.swift in Sources */,
				84A19CEE29BC2C8500FF6D79 /* Loadable.swift in Sources */,
				84A19CE929BC2C8500FF6D79 /* AIChatTableViewCell.swift in Sources */,
				84A19CE329BC2C8500FF6D79 /* CompletionsViewController.swift in Sources */,
				84A19CE629BC2C8500FF6D79 /* EditsViewController.swift in Sources */,
				84A19CE829BC2C8500FF6D79 /* UserChatTableViewCell.swift in Sources */,
				84A19CDE29BC2C8500FF6D79 /* ChatMessage.swift in Sources */,
				84A19CC529BC2C6F00FF6D79 /* UIViewController.swift in Sources */,
				84A19C8A29BC2BD000FF6D79 /* SceneDelegate.swift in Sources */,
				84A19CEF29BC2C8500FF6D79 /* LoadingView.swift in Sources */,
			);
			runOnlyForDeploymentPostprocessing = 0;
		};
		84A19C9629BC2BD000FF6D79 /* Sources */ = {
			isa = PBXSourcesBuildPhase;
			buildActionMask = 2147483647;
			files = (
				84A19C9F29BC2BD000FF6D79 /* SampleAppTests.swift in Sources */,
			);
			runOnlyForDeploymentPostprocessing = 0;
		};
		84A19CA029BC2BD000FF6D79 /* Sources */ = {
			isa = PBXSourcesBuildPhase;
			buildActionMask = 2147483647;
			files = (
				84A19CAB29BC2BD100FF6D79 /* SampleAppUITestsLaunchTests.swift in Sources */,
				84A19CA929BC2BD100FF6D79 /* SampleAppUITests.swift in Sources */,
			);
			runOnlyForDeploymentPostprocessing = 0;
		};
/* End PBXSourcesBuildPhase section */

/* Begin PBXTargetDependency section */
		84A19C9C29BC2BD000FF6D79 /* PBXTargetDependency */ = {
			isa = PBXTargetDependency;
			target = 84A19C8329BC2BD000FF6D79 /* SampleApp */;
			targetProxy = 84A19C9B29BC2BD000FF6D79 /* PBXContainerItemProxy */;
		};
		84A19CA629BC2BD000FF6D79 /* PBXTargetDependency */ = {
			isa = PBXTargetDependency;
			target = 84A19C8329BC2BD000FF6D79 /* SampleApp */;
			targetProxy = 84A19CA529BC2BD000FF6D79 /* PBXContainerItemProxy */;
		};
/* End PBXTargetDependency section */

/* Begin PBXVariantGroup section */
		84A19C8D29BC2BD000FF6D79 /* Main.storyboard */ = {
			isa = PBXVariantGroup;
			children = (
				84A19C8E29BC2BD000FF6D79 /* Base */,
			);
			name = Main.storyboard;
			sourceTree = "<group>";
		};
		84A19C9229BC2BD000FF6D79 /* LaunchScreen.storyboard */ = {
			isa = PBXVariantGroup;
			children = (
				84A19C9329BC2BD000FF6D79 /* Base */,
			);
			name = LaunchScreen.storyboard;
			sourceTree = "<group>";
		};
/* End PBXVariantGroup section */

/* Begin XCBuildConfiguration section */
		84A19CAC29BC2BD100FF6D79 /* Debug */ = {
			isa = XCBuildConfiguration;
			buildSettings = {
				ALWAYS_SEARCH_USER_PATHS = NO;
				CLANG_ANALYZER_NONNULL = YES;
				CLANG_ANALYZER_NUMBER_OBJECT_CONVERSION = YES_AGGRESSIVE;
				CLANG_CXX_LANGUAGE_STANDARD = "gnu++20";
				CLANG_ENABLE_MODULES = YES;
				CLANG_ENABLE_OBJC_ARC = YES;
				CLANG_ENABLE_OBJC_WEAK = YES;
				CLANG_WARN_BLOCK_CAPTURE_AUTORELEASING = YES;
				CLANG_WARN_BOOL_CONVERSION = YES;
				CLANG_WARN_COMMA = YES;
				CLANG_WARN_CONSTANT_CONVERSION = YES;
				CLANG_WARN_DEPRECATED_OBJC_IMPLEMENTATIONS = YES;
				CLANG_WARN_DIRECT_OBJC_ISA_USAGE = YES_ERROR;
				CLANG_WARN_DOCUMENTATION_COMMENTS = YES;
				CLANG_WARN_EMPTY_BODY = YES;
				CLANG_WARN_ENUM_CONVERSION = YES;
				CLANG_WARN_INFINITE_RECURSION = YES;
				CLANG_WARN_INT_CONVERSION = YES;
				CLANG_WARN_NON_LITERAL_NULL_CONVERSION = YES;
				CLANG_WARN_OBJC_IMPLICIT_RETAIN_SELF = YES;
				CLANG_WARN_OBJC_LITERAL_CONVERSION = YES;
				CLANG_WARN_OBJC_ROOT_CLASS = YES_ERROR;
				CLANG_WARN_QUOTED_INCLUDE_IN_FRAMEWORK_HEADER = YES;
				CLANG_WARN_RANGE_LOOP_ANALYSIS = YES;
				CLANG_WARN_STRICT_PROTOTYPES = YES;
				CLANG_WARN_SUSPICIOUS_MOVE = YES;
				CLANG_WARN_UNGUARDED_AVAILABILITY = YES_AGGRESSIVE;
				CLANG_WARN_UNREACHABLE_CODE = YES;
				CLANG_WARN__DUPLICATE_METHOD_MATCH = YES;
				COPY_PHASE_STRIP = NO;
				DEBUG_INFORMATION_FORMAT = dwarf;
				ENABLE_STRICT_OBJC_MSGSEND = YES;
				ENABLE_TESTABILITY = YES;
				GCC_C_LANGUAGE_STANDARD = gnu11;
				GCC_DYNAMIC_NO_PIC = NO;
				GCC_NO_COMMON_BLOCKS = YES;
				GCC_OPTIMIZATION_LEVEL = 0;
				GCC_PREPROCESSOR_DEFINITIONS = (
					"DEBUG=1",
					"$(inherited)",
				);
				GCC_WARN_64_TO_32_BIT_CONVERSION = YES;
				GCC_WARN_ABOUT_RETURN_TYPE = YES_ERROR;
				GCC_WARN_UNDECLARED_SELECTOR = YES;
				GCC_WARN_UNINITIALIZED_AUTOS = YES_AGGRESSIVE;
				GCC_WARN_UNUSED_FUNCTION = YES;
				GCC_WARN_UNUSED_VARIABLE = YES;
				IPHONEOS_DEPLOYMENT_TARGET = 16.0;
				MTL_ENABLE_DEBUG_INFO = INCLUDE_SOURCE;
				MTL_FAST_MATH = YES;
				ONLY_ACTIVE_ARCH = YES;
				SDKROOT = iphoneos;
				SWIFT_ACTIVE_COMPILATION_CONDITIONS = DEBUG;
				SWIFT_OPTIMIZATION_LEVEL = "-Onone";
			};
			name = Debug;
		};
		84A19CAD29BC2BD100FF6D79 /* Release */ = {
			isa = XCBuildConfiguration;
			buildSettings = {
				ALWAYS_SEARCH_USER_PATHS = NO;
				CLANG_ANALYZER_NONNULL = YES;
				CLANG_ANALYZER_NUMBER_OBJECT_CONVERSION = YES_AGGRESSIVE;
				CLANG_CXX_LANGUAGE_STANDARD = "gnu++20";
				CLANG_ENABLE_MODULES = YES;
				CLANG_ENABLE_OBJC_ARC = YES;
				CLANG_ENABLE_OBJC_WEAK = YES;
				CLANG_WARN_BLOCK_CAPTURE_AUTORELEASING = YES;
				CLANG_WARN_BOOL_CONVERSION = YES;
				CLANG_WARN_COMMA = YES;
				CLANG_WARN_CONSTANT_CONVERSION = YES;
				CLANG_WARN_DEPRECATED_OBJC_IMPLEMENTATIONS = YES;
				CLANG_WARN_DIRECT_OBJC_ISA_USAGE = YES_ERROR;
				CLANG_WARN_DOCUMENTATION_COMMENTS = YES;
				CLANG_WARN_EMPTY_BODY = YES;
				CLANG_WARN_ENUM_CONVERSION = YES;
				CLANG_WARN_INFINITE_RECURSION = YES;
				CLANG_WARN_INT_CONVERSION = YES;
				CLANG_WARN_NON_LITERAL_NULL_CONVERSION = YES;
				CLANG_WARN_OBJC_IMPLICIT_RETAIN_SELF = YES;
				CLANG_WARN_OBJC_LITERAL_CONVERSION = YES;
				CLANG_WARN_OBJC_ROOT_CLASS = YES_ERROR;
				CLANG_WARN_QUOTED_INCLUDE_IN_FRAMEWORK_HEADER = YES;
				CLANG_WARN_RANGE_LOOP_ANALYSIS = YES;
				CLANG_WARN_STRICT_PROTOTYPES = YES;
				CLANG_WARN_SUSPICIOUS_MOVE = YES;
				CLANG_WARN_UNGUARDED_AVAILABILITY = YES_AGGRESSIVE;
				CLANG_WARN_UNREACHABLE_CODE = YES;
				CLANG_WARN__DUPLICATE_METHOD_MATCH = YES;
				COPY_PHASE_STRIP = NO;
				DEBUG_INFORMATION_FORMAT = "dwarf-with-dsym";
				ENABLE_NS_ASSERTIONS = NO;
				ENABLE_STRICT_OBJC_MSGSEND = YES;
				GCC_C_LANGUAGE_STANDARD = gnu11;
				GCC_NO_COMMON_BLOCKS = YES;
				GCC_WARN_64_TO_32_BIT_CONVERSION = YES;
				GCC_WARN_ABOUT_RETURN_TYPE = YES_ERROR;
				GCC_WARN_UNDECLARED_SELECTOR = YES;
				GCC_WARN_UNINITIALIZED_AUTOS = YES_AGGRESSIVE;
				GCC_WARN_UNUSED_FUNCTION = YES;
				GCC_WARN_UNUSED_VARIABLE = YES;
				IPHONEOS_DEPLOYMENT_TARGET = 16.0;
				MTL_ENABLE_DEBUG_INFO = NO;
				MTL_FAST_MATH = YES;
				SDKROOT = iphoneos;
				SWIFT_COMPILATION_MODE = wholemodule;
				SWIFT_OPTIMIZATION_LEVEL = "-O";
				VALIDATE_PRODUCT = YES;
			};
			name = Release;
		};
		84A19CAF29BC2BD100FF6D79 /* Debug */ = {
			isa = XCBuildConfiguration;
			buildSettings = {
				ASSETCATALOG_COMPILER_APPICON_NAME = AppIcon;
				ASSETCATALOG_COMPILER_GLOBAL_ACCENT_COLOR_NAME = AccentColor;
				CODE_SIGN_STYLE = Automatic;
				CURRENT_PROJECT_VERSION = 1;
				GENERATE_INFOPLIST_FILE = YES;
				INFOPLIST_FILE = SampleApp/Info.plist;
				INFOPLIST_KEY_UIApplicationSupportsIndirectInputEvents = YES;
				INFOPLIST_KEY_UILaunchStoryboardName = LaunchScreen;
				INFOPLIST_KEY_UIMainStoryboardFile = Main;
				INFOPLIST_KEY_UISupportedInterfaceOrientations_iPad = "UIInterfaceOrientationPortrait UIInterfaceOrientationPortraitUpsideDown UIInterfaceOrientationLandscapeLeft UIInterfaceOrientationLandscapeRight";
				INFOPLIST_KEY_UISupportedInterfaceOrientations_iPhone = "UIInterfaceOrientationPortrait UIInterfaceOrientationLandscapeLeft UIInterfaceOrientationLandscapeRight";
				LD_RUNPATH_SEARCH_PATHS = (
					"$(inherited)",
					"@executable_path/Frameworks",
				);
				MARKETING_VERSION = 1.0;
				PRODUCT_BUNDLE_IDENTIFIER = com.asyncios.openmagicai.SampleApp;
				PRODUCT_NAME = "$(TARGET_NAME)";
				SWIFT_EMIT_LOC_STRINGS = YES;
				SWIFT_VERSION = 5.0;
				TARGETED_DEVICE_FAMILY = "1,2";
			};
			name = Debug;
		};
		84A19CB029BC2BD100FF6D79 /* Release */ = {
			isa = XCBuildConfiguration;
			buildSettings = {
				ASSETCATALOG_COMPILER_APPICON_NAME = AppIcon;
				ASSETCATALOG_COMPILER_GLOBAL_ACCENT_COLOR_NAME = AccentColor;
				CODE_SIGN_STYLE = Automatic;
				CURRENT_PROJECT_VERSION = 1;
				GENERATE_INFOPLIST_FILE = YES;
				INFOPLIST_FILE = SampleApp/Info.plist;
				INFOPLIST_KEY_UIApplicationSupportsIndirectInputEvents = YES;
				INFOPLIST_KEY_UILaunchStoryboardName = LaunchScreen;
				INFOPLIST_KEY_UIMainStoryboardFile = Main;
				INFOPLIST_KEY_UISupportedInterfaceOrientations_iPad = "UIInterfaceOrientationPortrait UIInterfaceOrientationPortraitUpsideDown UIInterfaceOrientationLandscapeLeft UIInterfaceOrientationLandscapeRight";
				INFOPLIST_KEY_UISupportedInterfaceOrientations_iPhone = "UIInterfaceOrientationPortrait UIInterfaceOrientationLandscapeLeft UIInterfaceOrientationLandscapeRight";
				LD_RUNPATH_SEARCH_PATHS = (
					"$(inherited)",
					"@executable_path/Frameworks",
				);
				MARKETING_VERSION = 1.0;
				PRODUCT_BUNDLE_IDENTIFIER = com.asyncios.openmagicai.SampleApp;
				PRODUCT_NAME = "$(TARGET_NAME)";
				SWIFT_EMIT_LOC_STRINGS = YES;
				SWIFT_VERSION = 5.0;
				TARGETED_DEVICE_FAMILY = "1,2";
			};
			name = Release;
		};
		84A19CB229BC2BD100FF6D79 /* Debug */ = {
			isa = XCBuildConfiguration;
			buildSettings = {
				ALWAYS_EMBED_SWIFT_STANDARD_LIBRARIES = YES;
				BUNDLE_LOADER = "$(TEST_HOST)";
				CODE_SIGN_STYLE = Automatic;
				CURRENT_PROJECT_VERSION = 1;
				GENERATE_INFOPLIST_FILE = YES;
				IPHONEOS_DEPLOYMENT_TARGET = 16.0;
				MARKETING_VERSION = 1.0;
				PRODUCT_BUNDLE_IDENTIFIER = com.asyncios.openmagicai.SampleAppTests;
				PRODUCT_NAME = "$(TARGET_NAME)";
				SWIFT_EMIT_LOC_STRINGS = NO;
				SWIFT_VERSION = 5.0;
				TARGETED_DEVICE_FAMILY = "1,2";
				TEST_HOST = "$(BUILT_PRODUCTS_DIR)/SampleApp.app/$(BUNDLE_EXECUTABLE_FOLDER_PATH)/SampleApp";
			};
			name = Debug;
		};
		84A19CB329BC2BD100FF6D79 /* Release */ = {
			isa = XCBuildConfiguration;
			buildSettings = {
				ALWAYS_EMBED_SWIFT_STANDARD_LIBRARIES = YES;
				BUNDLE_LOADER = "$(TEST_HOST)";
				CODE_SIGN_STYLE = Automatic;
				CURRENT_PROJECT_VERSION = 1;
				GENERATE_INFOPLIST_FILE = YES;
				IPHONEOS_DEPLOYMENT_TARGET = 16.0;
				MARKETING_VERSION = 1.0;
				PRODUCT_BUNDLE_IDENTIFIER = com.asyncios.openmagicai.SampleAppTests;
				PRODUCT_NAME = "$(TARGET_NAME)";
				SWIFT_EMIT_LOC_STRINGS = NO;
				SWIFT_VERSION = 5.0;
				TARGETED_DEVICE_FAMILY = "1,2";
				TEST_HOST = "$(BUILT_PRODUCTS_DIR)/SampleApp.app/$(BUNDLE_EXECUTABLE_FOLDER_PATH)/SampleApp";
			};
			name = Release;
		};
		84A19CB529BC2BD100FF6D79 /* Debug */ = {
			isa = XCBuildConfiguration;
			buildSettings = {
				ALWAYS_EMBED_SWIFT_STANDARD_LIBRARIES = YES;
				CODE_SIGN_STYLE = Automatic;
				CURRENT_PROJECT_VERSION = 1;
				GENERATE_INFOPLIST_FILE = YES;
				MARKETING_VERSION = 1.0;
				PRODUCT_BUNDLE_IDENTIFIER = com.asyncios.openmagicai.SampleAppUITests;
				PRODUCT_NAME = "$(TARGET_NAME)";
				SWIFT_EMIT_LOC_STRINGS = NO;
				SWIFT_VERSION = 5.0;
				TARGETED_DEVICE_FAMILY = "1,2";
				TEST_TARGET_NAME = SampleApp;
			};
			name = Debug;
		};
		84A19CB629BC2BD100FF6D79 /* Release */ = {
			isa = XCBuildConfiguration;
			buildSettings = {
				ALWAYS_EMBED_SWIFT_STANDARD_LIBRARIES = YES;
				CODE_SIGN_STYLE = Automatic;
				CURRENT_PROJECT_VERSION = 1;
				GENERATE_INFOPLIST_FILE = YES;
				MARKETING_VERSION = 1.0;
				PRODUCT_BUNDLE_IDENTIFIER = com.asyncios.openmagicai.SampleAppUITests;
				PRODUCT_NAME = "$(TARGET_NAME)";
				SWIFT_EMIT_LOC_STRINGS = NO;
				SWIFT_VERSION = 5.0;
				TARGETED_DEVICE_FAMILY = "1,2";
				TEST_TARGET_NAME = SampleApp;
			};
			name = Release;
		};
/* End XCBuildConfiguration section */

/* Begin XCConfigurationList section */
		84A19C7F29BC2BD000FF6D79 /* Build configuration list for PBXProject "SampleApp" */ = {
			isa = XCConfigurationList;
			buildConfigurations = (
				84A19CAC29BC2BD100FF6D79 /* Debug */,
				84A19CAD29BC2BD100FF6D79 /* Release */,
			);
			defaultConfigurationIsVisible = 0;
			defaultConfigurationName = Release;
		};
		84A19CAE29BC2BD100FF6D79 /* Build configuration list for PBXNativeTarget "SampleApp" */ = {
			isa = XCConfigurationList;
			buildConfigurations = (
				84A19CAF29BC2BD100FF6D79 /* Debug */,
				84A19CB029BC2BD100FF6D79 /* Release */,
			);
			defaultConfigurationIsVisible = 0;
			defaultConfigurationName = Release;
		};
		84A19CB129BC2BD100FF6D79 /* Build configuration list for PBXNativeTarget "SampleAppTests" */ = {
			isa = XCConfigurationList;
			buildConfigurations = (
				84A19CB229BC2BD100FF6D79 /* Debug */,
				84A19CB329BC2BD100FF6D79 /* Release */,
			);
			defaultConfigurationIsVisible = 0;
			defaultConfigurationName = Release;
		};
		84A19CB429BC2BD100FF6D79 /* Build configuration list for PBXNativeTarget "SampleAppUITests" */ = {
			isa = XCConfigurationList;
			buildConfigurations = (
				84A19CB529BC2BD100FF6D79 /* Debug */,
				84A19CB629BC2BD100FF6D79 /* Release */,
			);
			defaultConfigurationIsVisible = 0;
			defaultConfigurationName = Release;
		};
/* End XCConfigurationList section */

/* Begin XCSwiftPackageProductDependency section */
		84A19CF229BC2CB700FF6D79 /* OpenMagicAI */ = {
			isa = XCSwiftPackageProductDependency;
			productName = OpenMagicAI;
		};
/* End XCSwiftPackageProductDependency section */
	};
	rootObject = 84A19C7C29BC2BD000FF6D79 /* Project object */;
}
